
Microsoft Visual Studio Solution File, Format Version 12.00
# Visual Studio Version 16
VisualStudioVersion = 16.0.29920.165
MinimumVisualStudioVersion = 10.0.40219.1
Project("{8BC9CEB8-8B4A-11D0-8D11-00A0C91BC942}") = "OLC Heartcurve", "OLC Heartcurve.vcxproj", "{DFD5BECA-E977-44D6-84D3-0058291EBF7E}"
EndProject
Global
	GlobalSection(SolutionConfigurationPlatforms) = preSolution
		Debug|x64 = Debug|x64
		Debug|x86 = Debug|x86
		Release|x64 = Release|x64
		Release|x86 = Release|x86
	EndGlobalSection
	GlobalSection(ProjectConfigurationPlatforms) = postSolution
		{DFD5BECA-E977-44D6-84D3-0058291EBF7E}.Debug|x64.ActiveCfg = Debug|x64
		{DFD5BECA-E977-44D6-84D3-0058291EBF7E}.Debug|x64.Build.0 = Debug|x64
		{DFD5BECA-E977-44D6-84D3-0058291EBF7E}.Debug|x86.ActiveCfg = Debug|Win32
		{DFD5BECA-E977-44D6-84D3-0058291EBF7E}.Debug|x86.Build.0 = Debug|Win32
		{DFD5BECA-E977-44D6-84D3-0058291EBF7E}.Release|x64.ActiveCfg = Release|x64
		{DFD5BECA-E977-44D6-84D3-0058291EBF7E}.Release|x64.Build.0 = Release|x64
		{DFD5BECA-E977-44D6-84D3-0058291EBF7E}.Release|x86.ActiveCfg = Release|Win32
		{DFD5BECA-E977-44D6-84D3-0058291EBF7E}.Release|x86.Build.0 = Release|Win32
	EndGlobalSection
	GlobalSection(SolutionProperties) = preSolution
		HideSolutionNode = FALSE
	EndGlobalSection
	GlobalSection(ExtensibilityGlobals) = postSolution
		SolutionGuid = {4B286FE7-6A5C-442E-8273-0BF34F7AE447}
	EndGlobalSection
EndGlobal
